
Microsoft Visual Studio Solution File, Format Version 12.00
# Visual Studio 15
Project("{FAE04EC0-301F-11D3-BF4B-00C04F79EFBC}") = "Assembly-CSharp", "Assembly-CSharp.csproj", "{5348D80B-CA91-95D0-EA6B-E26DC69925A3}"
EndProject
Project("{FAE04EC0-301F-11D3-BF4B-00C04F79EFBC}") = "Assembly-CSharp-Editor", "Assembly-CSharp-Editor.csproj", "{6CBC3A04-06EB-5F9A-5D2C-D718478D3FEC}"
EndProject
Global
	GlobalSection(SolutionConfigurationPlatforms) = preSolution
		Debug|Any CPU = Debug|Any CPU
		Release|Any CPU = Release|Any CPU
	EndGlobalSection
	GlobalSection(ProjectConfigurationPlatforms) = postSolution
		{5348D80B-CA91-95D0-EA6B-E26DC69925A3}.Debug|Any CPU.ActiveCfg = Debug|Any CPU
		{5348D80B-CA91-95D0-EA6B-E26DC69925A3}.Debug|Any CPU.Build.0 = Debug|Any CPU
		{5348D80B-CA91-95D0-EA6B-E26DC69925A3}.Release|Any CPU.ActiveCfg = Release|Any CPU
		{5348D80B-CA91-95D0-EA6B-E26DC69925A3}.Release|Any CPU.Build.0 = Release|Any CPU
		{6CBC3A04-06EB-5F9A-5D2C-D718478D3FEC}.Debug|Any CPU.ActiveCfg = Debug|Any CPU
		{6CBC3A04-06EB-5F9A-5D2C-D718478D3FEC}.Debug|Any CPU.Build.0 = Debug|Any CPU
		{6CBC3A04-06EB-5F9A-5D2C-D718478D3FEC}.Release|Any CPU.ActiveCfg = Release|Any CPU
		{6CBC3A04-06EB-5F9A-5D2C-D718478D3FEC}.Release|Any CPU.Build.0 = Release|Any CPU
	EndGlobalSection
	GlobalSection(SolutionProperties) = preSolution
		HideSolutionNode = FALSE
	EndGlobalSection
EndGlobal
